
Microsoft Visual Studio Solution File, Format Version 12.00
# Visual Studio 2012
Project("{D954291E-2A0B-460D-934E-DC6B0785DB48}") = "TryMobileCenter", "TryMobileCenter\TryMobileCenter.shproj", "{490F85C4-45B8-45A3-B13D-680568A9FF92}"
EndProject
Project("{FAE04EC0-301F-11D3-BF4B-00C04F79EFBC}") = "TryMobileCenter.iOS", "iOS\TryMobileCenter.iOS.csproj", "{7EC17432-0ADD-4A4F-A76F-31E2BFA86ABF}"
EndProject
Project("{FAE04EC0-301F-11D3-BF4B-00C04F79EFBC}") = "TryMobileCenter.Droid", "Droid\TryMobileCenter.Droid.csproj", "{D7B78AFF-F073-437E-87B4-82FA6AB3B3AD}"
EndProject
Global
	GlobalSection(SolutionConfigurationPlatforms) = preSolution
		Debug|iPhoneSimulator = Debug|iPhoneSimulator
		Release|iPhone = Release|iPhone
		Release|iPhoneSimulator = Release|iPhoneSimulator
		Debug|iPhone = Debug|iPhone
		Debug|Any CPU = Debug|Any CPU
		Release|Any CPU = Release|Any CPU
	EndGlobalSection
	GlobalSection(ProjectConfigurationPlatforms) = postSolution
		{7EC17432-0ADD-4A4F-A76F-31E2BFA86ABF}.Debug|iPhoneSimulator.ActiveCfg = Debug|iPhoneSimulator
		{7EC17432-0ADD-4A4F-A76F-31E2BFA86ABF}.Debug|iPhoneSimulator.Build.0 = Debug|iPhoneSimulator
		{7EC17432-0ADD-4A4F-A76F-31E2BFA86ABF}.Release|iPhone.ActiveCfg = Release|iPhone
		{7EC17432-0ADD-4A4F-A76F-31E2BFA86ABF}.Release|iPhone.Build.0 = Release|iPhone
		{7EC17432-0ADD-4A4F-A76F-31E2BFA86ABF}.Release|iPhoneSimulator.ActiveCfg = Release|iPhoneSimulator
		{7EC17432-0ADD-4A4F-A76F-31E2BFA86ABF}.Release|iPhoneSimulator.Build.0 = Release|iPhoneSimulator
		{7EC17432-0ADD-4A4F-A76F-31E2BFA86ABF}.Debug|iPhone.ActiveCfg = Debug|iPhone
		{7EC17432-0ADD-4A4F-A76F-31E2BFA86ABF}.Debug|iPhone.Build.0 = Debug|iPhone
		{7EC17432-0ADD-4A4F-A76F-31E2BFA86ABF}.Debug|Any CPU.ActiveCfg = Debug|iPhoneSimulator
		{7EC17432-0ADD-4A4F-A76F-31E2BFA86ABF}.Debug|Any CPU.Build.0 = Debug|iPhoneSimulator
		{7EC17432-0ADD-4A4F-A76F-31E2BFA86ABF}.Release|Any CPU.ActiveCfg = Release|iPhone
		{7EC17432-0ADD-4A4F-A76F-31E2BFA86ABF}.Release|Any CPU.Build.0 = Release|iPhone
		{D7B78AFF-F073-437E-87B4-82FA6AB3B3AD}.Debug|iPhoneSimulator.ActiveCfg = Debug|Any CPU
		{D7B78AFF-F073-437E-87B4-82FA6AB3B3AD}.Debug|iPhoneSimulator.Build.0 = Debug|Any CPU
		{D7B78AFF-F073-437E-87B4-82FA6AB3B3AD}.Release|iPhone.ActiveCfg = Release|Any CPU
		{D7B78AFF-F073-437E-87B4-82FA6AB3B3AD}.Release|iPhone.Build.0 = Release|Any CPU
		{D7B78AFF-F073-437E-87B4-82FA6AB3B3AD}.Release|iPhoneSimulator.ActiveCfg = Release|Any CPU
		{D7B78AFF-F073-437E-87B4-82FA6AB3B3AD}.Release|iPhoneSimulator.Build.0 = Release|Any CPU
		{D7B78AFF-F073-437E-87B4-82FA6AB3B3AD}.Debug|iPhone.ActiveCfg = Debug|Any CPU
		{D7B78AFF-F073-437E-87B4-82FA6AB3B3AD}.Debug|iPhone.Build.0 = Debug|Any CPU
		{D7B78AFF-F073-437E-87B4-82FA6AB3B3AD}.Debug|Any CPU.ActiveCfg = Debug|Any CPU
		{D7B78AFF-F073-437E-87B4-82FA6AB3B3AD}.Debug|Any CPU.Build.0 = Debug|Any CPU
		{D7B78AFF-F073-437E-87B4-82FA6AB3B3AD}.Release|Any CPU.ActiveCfg = Release|Any CPU
		{D7B78AFF-F073-437E-87B4-82FA6AB3B3AD}.Release|Any CPU.Build.0 = Release|Any CPU
	EndGlobalSection
EndGlobal
